
Microsoft Visual Studio Solution File, Format Version 12.00
# Visual Studio Version 16
VisualStudioVersion = 16.0.29411.108
MinimumVisualStudioVersion = 10.0.40219.1
Project("{FAE04EC0-301F-11D3-BF4B-00C04F79EFBC}") = "Exer_Prop", "Exer_Prop\Exer_Prop.csproj", "{90EEFBC2-1C92-4278-8C9B-DD64B123EACD}"
EndProject
Global
	GlobalSection(SolutionConfigurationPlatforms) = preSolution
		Debug|Any CPU = Debug|Any CPU
		Release|Any CPU = Release|Any CPU
	EndGlobalSection
	GlobalSection(ProjectConfigurationPlatforms) = postSolution
		{90EEFBC2-1C92-4278-8C9B-DD64B123EACD}.Debug|Any CPU.ActiveCfg = Debug|Any CPU
		{90EEFBC2-1C92-4278-8C9B-DD64B123EACD}.Debug|Any CPU.Build.0 = Debug|Any CPU
		{90EEFBC2-1C92-4278-8C9B-DD64B123EACD}.Release|Any CPU.ActiveCfg = Release|Any CPU
		{90EEFBC2-1C92-4278-8C9B-DD64B123EACD}.Release|Any CPU.Build.0 = Release|Any CPU
	EndGlobalSection
	GlobalSection(SolutionProperties) = preSolution
		HideSolutionNode = FALSE
	EndGlobalSection
	GlobalSection(ExtensibilityGlobals) = postSolution
		SolutionGuid = {BDE4D231-06DD-45E1-AA68-4DEE3DA45B8B}
	EndGlobalSection
EndGlobal
